
Microsoft Visual Studio Solution File, Format Version 12.00
# Visual Studio Version 17
VisualStudioVersion = 17.0.32112.339
MinimumVisualStudioVersion = 10.0.40219.1
Project("{9A19103F-16F7-4668-BE54-9A1E7A4F7556}") = "NumberSubstitution.Third", "NumberSubstitution.Third\NumberSubstitution.Third.csproj", "{5EDFDF73-887D-4561-9C48-DF0E9153AE16}"
EndProject
Project("{FAE04EC0-301F-11D3-BF4B-00C04F79EFBC}") = "NumberSubstitution.Third.UnitTests", "NumberSubstitution.Third.UnitTests\NumberSubstitution.Third.UnitTests.csproj", "{D065B929-ECE4-4268-BA40-BE52C155D8C5}"
EndProject
Global
	GlobalSection(SolutionConfigurationPlatforms) = preSolution
		Debug|Any CPU = Debug|Any CPU
		Release|Any CPU = Release|Any CPU
	EndGlobalSection
	GlobalSection(ProjectConfigurationPlatforms) = postSolution
		{5EDFDF73-887D-4561-9C48-DF0E9153AE16}.Debug|Any CPU.ActiveCfg = Debug|Any CPU
		{5EDFDF73-887D-4561-9C48-DF0E9153AE16}.Debug|Any CPU.Build.0 = Debug|Any CPU
		{5EDFDF73-887D-4561-9C48-DF0E9153AE16}.Release|Any CPU.ActiveCfg = Release|Any CPU
		{5EDFDF73-887D-4561-9C48-DF0E9153AE16}.Release|Any CPU.Build.0 = Release|Any CPU
		{D065B929-ECE4-4268-BA40-BE52C155D8C5}.Debug|Any CPU.ActiveCfg = Debug|Any CPU
		{D065B929-ECE4-4268-BA40-BE52C155D8C5}.Debug|Any CPU.Build.0 = Debug|Any CPU
		{D065B929-ECE4-4268-BA40-BE52C155D8C5}.Release|Any CPU.ActiveCfg = Release|Any CPU
		{D065B929-ECE4-4268-BA40-BE52C155D8C5}.Release|Any CPU.Build.0 = Release|Any CPU
	EndGlobalSection
	GlobalSection(SolutionProperties) = preSolution
		HideSolutionNode = FALSE
	EndGlobalSection
	GlobalSection(ExtensibilityGlobals) = postSolution
		SolutionGuid = {D206B3F7-B027-4997-9076-9547F6DB7B3C}
	EndGlobalSection
EndGlobal
